
Microsoft Visual Studio Solution File, Format Version 12.00
# Visual Studio Version 17
VisualStudioVersion = 17.7.34221.43
MinimumVisualStudioVersion = 10.0.40219.1
Project("{FAE04EC0-301F-11D3-BF4B-00C04F79EFBC}") = "Odtwarzacz", "Odtwarzacz\Odtwarzacz.csproj", "{D983EC3B-633A-4D5A-B32A-57E4366C00D0}"
EndProject
Global
	GlobalSection(SolutionConfigurationPlatforms) = preSolution
		Debug|Any CPU = Debug|Any CPU
		Release|Any CPU = Release|Any CPU
	EndGlobalSection
	GlobalSection(ProjectConfigurationPlatforms) = postSolution
		{D983EC3B-633A-4D5A-B32A-57E4366C00D0}.Debug|Any CPU.ActiveCfg = Debug|Any CPU
		{D983EC3B-633A-4D5A-B32A-57E4366C00D0}.Debug|Any CPU.Build.0 = Debug|Any CPU
		{D983EC3B-633A-4D5A-B32A-57E4366C00D0}.Release|Any CPU.ActiveCfg = Release|Any CPU
		{D983EC3B-633A-4D5A-B32A-57E4366C00D0}.Release|Any CPU.Build.0 = Release|Any CPU
	EndGlobalSection
	GlobalSection(SolutionProperties) = preSolution
		HideSolutionNode = FALSE
	EndGlobalSection
	GlobalSection(ExtensibilityGlobals) = postSolution
		SolutionGuid = {A4BDD407-985E-41A4-9392-B15F2E3796E5}
	EndGlobalSection
EndGlobal
