
Microsoft Visual Studio Solution File, Format Version 12.00
# Visual Studio Version 17
VisualStudioVersion = 17.7.34221.43
MinimumVisualStudioVersion = 10.0.40219.1
Project("{FAE04EC0-301F-11D3-BF4B-00C04F79EFBC}") = "serializacja i deserializacja", "serializacja i deserializacja\serializacja i deserializacja.csproj", "{00FE29B1-989A-4B69-B660-0F7FB602B64A}"
EndProject
Global
	GlobalSection(SolutionConfigurationPlatforms) = preSolution
		Debug|Any CPU = Debug|Any CPU
		Release|Any CPU = Release|Any CPU
	EndGlobalSection
	GlobalSection(ProjectConfigurationPlatforms) = postSolution
		{00FE29B1-989A-4B69-B660-0F7FB602B64A}.Debug|Any CPU.ActiveCfg = Debug|Any CPU
		{00FE29B1-989A-4B69-B660-0F7FB602B64A}.Debug|Any CPU.Build.0 = Debug|Any CPU
		{00FE29B1-989A-4B69-B660-0F7FB602B64A}.Release|Any CPU.ActiveCfg = Release|Any CPU
		{00FE29B1-989A-4B69-B660-0F7FB602B64A}.Release|Any CPU.Build.0 = Release|Any CPU
	EndGlobalSection
	GlobalSection(SolutionProperties) = preSolution
		HideSolutionNode = FALSE
	EndGlobalSection
	GlobalSection(ExtensibilityGlobals) = postSolution
		SolutionGuid = {A69A388F-BEC9-44CC-9C33-22EA6F7DAECC}
	EndGlobalSection
EndGlobal
